
Microsoft Visual Studio Solution File, Format Version 12.00
# Visual Studio 15
VisualStudioVersion = 15.0.28010.2003
MinimumVisualStudioVersion = 10.0.40219.1
Project("{FAE04EC0-301F-11D3-BF4B-00C04F79EFBC}") = "ConsoleArgsCoreAsync", "ConsoleArgsCoreAsync\ConsoleArgsCoreAsync.csproj", "{16F8B245-F364-46DA-933A-450555CF0CCB}"
EndProject
Global
	GlobalSection(SolutionConfigurationPlatforms) = preSolution
		Debug|Any CPU = Debug|Any CPU
		Release|Any CPU = Release|Any CPU
	EndGlobalSection
	GlobalSection(ProjectConfigurationPlatforms) = postSolution
		{16F8B245-F364-46DA-933A-450555CF0CCB}.Debug|Any CPU.ActiveCfg = Debug|Any CPU
		{16F8B245-F364-46DA-933A-450555CF0CCB}.Debug|Any CPU.Build.0 = Debug|Any CPU
		{16F8B245-F364-46DA-933A-450555CF0CCB}.Release|Any CPU.ActiveCfg = Release|Any CPU
		{16F8B245-F364-46DA-933A-450555CF0CCB}.Release|Any CPU.Build.0 = Release|Any CPU
	EndGlobalSection
	GlobalSection(SolutionProperties) = preSolution
		HideSolutionNode = FALSE
	EndGlobalSection
	GlobalSection(ExtensibilityGlobals) = postSolution
		SolutionGuid = {EBD0FD21-94E8-4BBC-AB55-BEE39DBDD038}
	EndGlobalSection
EndGlobal
